
Microsoft Visual Studio Solution File, Format Version 12.00
# Visual Studio Version 16
VisualStudioVersion = 16.0.30104.148
MinimumVisualStudioVersion = 10.0.40219.1
Project("{9A19103F-16F7-4668-BE54-9A1E7A4F7556}") = "Reloaded.Input", "Reloaded.Input\Reloaded.Input.csproj", "{2CC548C5-C2BC-4B75-93D4-5020F6A46788}"
EndProject
Project("{9A19103F-16F7-4668-BE54-9A1E7A4F7556}") = "Reloaded.Input.Configurator", "Reloaded.Input.Configurator\Reloaded.Input.Configurator.csproj", "{BB50EC39-3EF1-48AD-BBDC-F30348C0CC81}"
EndProject
Project("{FAE04EC0-301F-11D3-BF4B-00C04F79EFBC}") = "Reloaded.Input.Configurator.Test", "Reloaded.Input.Configurator.Test\Reloaded.Input.Configurator.Test.csproj", "{32DB2486-9B29-4240-9D77-CBCDF46E4FF7}"
EndProject
Global
	GlobalSection(SolutionConfigurationPlatforms) = preSolution
		Debug|Any CPU = Debug|Any CPU
		Release|Any CPU = Release|Any CPU
	EndGlobalSection
	GlobalSection(ProjectConfigurationPlatforms) = postSolution
		{2CC548C5-C2BC-4B75-93D4-5020F6A46788}.Debug|Any CPU.ActiveCfg = Debug|Any CPU
		{2CC548C5-C2BC-4B75-93D4-5020F6A46788}.Debug|Any CPU.Build.0 = Debug|Any CPU
		{2CC548C5-C2BC-4B75-93D4-5020F6A46788}.Release|Any CPU.ActiveCfg = Release|Any CPU
		{2CC548C5-C2BC-4B75-93D4-5020F6A46788}.Release|Any CPU.Build.0 = Release|Any CPU
		{BB50EC39-3EF1-48AD-BBDC-F30348C0CC81}.Debug|Any CPU.ActiveCfg = Debug|Any CPU
		{BB50EC39-3EF1-48AD-BBDC-F30348C0CC81}.Debug|Any CPU.Build.0 = Debug|Any CPU
		{BB50EC39-3EF1-48AD-BBDC-F30348C0CC81}.Release|Any CPU.ActiveCfg = Release|Any CPU
		{BB50EC39-3EF1-48AD-BBDC-F30348C0CC81}.Release|Any CPU.Build.0 = Release|Any CPU
		{32DB2486-9B29-4240-9D77-CBCDF46E4FF7}.Debug|Any CPU.ActiveCfg = Debug|Any CPU
		{32DB2486-9B29-4240-9D77-CBCDF46E4FF7}.Debug|Any CPU.Build.0 = Debug|Any CPU
		{32DB2486-9B29-4240-9D77-CBCDF46E4FF7}.Release|Any CPU.ActiveCfg = Release|Any CPU
		{32DB2486-9B29-4240-9D77-CBCDF46E4FF7}.Release|Any CPU.Build.0 = Release|Any CPU
	EndGlobalSection
	GlobalSection(SolutionProperties) = preSolution
		HideSolutionNode = FALSE
	EndGlobalSection
	GlobalSection(ExtensibilityGlobals) = postSolution
		SolutionGuid = {C4F4CAAC-908B-4C78-A5F7-24473ED96947}
	EndGlobalSection
EndGlobal
